# THIS IS AN AUTOGENERATED FILE. DO NOT EDIT THIS FILE DIRECTLY.
# yarn lockfile v1


react-plock@^2.0.0:
  version "2.0.0"
  resolved "https://registry.yarnpkg.com/react-plock/-/react-plock-2.0.0.tgz#b2f176f361837baf87ccc0d916464c35d7af4428"
  integrity sha512-m3ByNGVixwmSTRiz+50kyDzy+Ccj9mODOFqh+f/gTnmb7OLYErsF6cEWK1fgc3hifMJGte5SLtCGPSIoP/k5hA==
